
Microsoft Visual Studio Solution File, Format Version 12.00
# Visual Studio Version 17
VisualStudioVersion = 17.0.31903.59
MinimumVisualStudioVersion = 10.0.40219.1
Project("{2150E333-8FDC-42A3-9474-1A3956D46DE8}") = "Shared", "Shared", "{57FDAF38-A283-42D8-A45A-401317852F7E}"
EndProject
Project("{FAE04EC0-301F-11D3-BF4B-00C04F79EFBC}") = "ConfigRefresh.Annotations", "Shared\ConfigRefresh\Annotations\ConfigRefresh.Annotations.csproj", "{DFB47AB0-3E8B-4B90-8680-528C2BF705F9}"
EndProject
Project("{FAE04EC0-301F-11D3-BF4B-00C04F79EFBC}") = "ConfigRefresh.Generator", "Shared\ConfigRefresh\Generator\ConfigRefresh.Generator.csproj", "{FA5F6D5C-A3CE-47ED-B9A8-D81B5AC1AC83}"
EndProject
Project("{FAE04EC0-301F-11D3-BF4B-00C04F79EFBC}") = "Core", "Shared\Core\Core.csproj", "{F0DB6AF9-B2D9-478A-A532-A212A21C5FA4}"
EndProject
Project("{FAE04EC0-301F-11D3-BF4B-00C04F79EFBC}") = "DerpTech2D.AotGen", "Shared\DerpTech2D.AotGen\DerpTech2D.AotGen.csproj", "{4E84538D-6F9E-4F6D-9CA9-123784CDCCFE}"
EndProject
Project("{FAE04EC0-301F-11D3-BF4B-00C04F79EFBC}") = "FlowField", "Shared\FlowField\FlowField.csproj", "{10A96D1C-DF24-4979-A32B-895814BA5597}"
EndProject
Project("{FAE04EC0-301F-11D3-BF4B-00C04F79EFBC}") = "GameDocDatabase.Annotations", "Shared\GameDocDatabase\Annotations\GameDocDatabase.Annotations.csproj", "{55B37F08-6F9B-4535-BF86-18F43FB65846}"
EndProject
Project("{FAE04EC0-301F-11D3-BF4B-00C04F79EFBC}") = "GameDocDatabase.Generator", "Shared\GameDocDatabase\Generator\GameDocDatabase.Generator.csproj", "{BAF2BBB7-B825-48C3-95D5-F72C4F52B499}"
EndProject
Project("{FAE04EC0-301F-11D3-BF4B-00C04F79EFBC}") = "GameDocDatabase.Runtime", "Shared\GameDocDatabase\Runtime\GameDocDatabase.Runtime.csproj", "{0FC677E3-C759-43FE-ACC1-1BEEF00CD6DD}"
EndProject
Project("{FAE04EC0-301F-11D3-BF4B-00C04F79EFBC}") = "Grid.Annotations", "Shared\Grid\Annotations\Grid.Annotations.csproj", "{676B0658-D805-45B0-8F14-86C20B6F2A4C}"
EndProject
Project("{FAE04EC0-301F-11D3-BF4B-00C04F79EFBC}") = "Grid.Generator", "Shared\Grid\Generator\Grid.Generator.csproj", "{3E8458D5-5397-466A-84E8-A41FC01B9A75}"
EndProject
Project("{FAE04EC0-301F-11D3-BF4B-00C04F79EFBC}") = "Networking", "Shared\Networking\Networking.csproj", "{C5447532-28F9-4E73-BFF5-29DD40618814}"
EndProject
Project("{FAE04EC0-301F-11D3-BF4B-00C04F79EFBC}") = "Pooled.Annotations", "Shared\Pooled\Annotations\Pooled.Annotations.csproj", "{0102EE2A-BA37-4CA4-9468-2C20942545E3}"
EndProject
Project("{FAE04EC0-301F-11D3-BF4B-00C04F79EFBC}") = "Pooled.Generator", "Shared\Pooled\Generator\Pooled.Generator.csproj", "{C00B153E-AB5C-463B-A885-89CD42349389}"
EndProject
Project("{FAE04EC0-301F-11D3-BF4B-00C04F79EFBC}") = "Pooled.Runtime", "Shared\Pooled\Runtime\Pooled.Runtime.csproj", "{611CDCE6-9391-45F6-932A-2D8FC4BAF8CC}"
EndProject
Project("{FAE04EC0-301F-11D3-BF4B-00C04F79EFBC}") = "Property.Annotations", "Shared\Property\Annotations\Property.Annotations.csproj", "{38A54824-F212-4C86-8C62-E5FEDE03ABD4}"
EndProject
Project("{FAE04EC0-301F-11D3-BF4B-00C04F79EFBC}") = "Property.Runtime", "Shared\Property\Runtime\Property.Runtime.csproj", "{E010D62F-444E-496F-9016-93703032B71C}"
EndProject
Project("{FAE04EC0-301F-11D3-BF4B-00C04F79EFBC}") = "Property.Generator", "Shared\Property\Generator\Property.Generator.csproj", "{C4C95302-7D80-47B4-8637-A2623F93E82A}"
EndProject
Project("{FAE04EC0-301F-11D3-BF4B-00C04F79EFBC}") = "Rollback", "Shared\Rollback\Rollback.csproj", "{31A6565E-BD68-4B33-8C75-45ADFFF97784}"
EndProject
Project("{FAE04EC0-301F-11D3-BF4B-00C04F79EFBC}") = "SimTable.Annotations", "Shared\SimTable\Annotations\SimTable.Annotations.csproj", "{882AD482-2120-4E3E-95BD-36B71EA70489}"
EndProject
Project("{FAE04EC0-301F-11D3-BF4B-00C04F79EFBC}") = "SimTable.Generator", "Shared\SimTable\Generator\SimTable.Generator.csproj", "{AE34B029-1726-46DB-BDB5-EFFB1D668EE3}"
EndProject
Project("{FAE04EC0-301F-11D3-BF4B-00C04F79EFBC}") = "Profiling.Annotations", "Shared\Profiling\Annotations\Profiling.Annotations.csproj", "{AAAAAAAA-AAAA-AAAA-AAAA-AAAAAAAAAAAA}"
EndProject
Project("{FAE04EC0-301F-11D3-BF4B-00C04F79EFBC}") = "Profiling.Generator", "Shared\Profiling\Generator\Profiling.Generator.csproj", "{BBBBBBBB-BBBB-BBBB-BBBB-BBBBBBBBBBBB}"
EndProject
Project("{FAE04EC0-301F-11D3-BF4B-00C04F79EFBC}") = "Profiling.Runtime", "Shared\Profiling\Runtime\Profiling.Runtime.csproj", "{CCCCCCCC-CCCC-CCCC-CCCC-CCCCCCCCCCCC}"
EndProject
Project("{2150E333-8FDC-42A3-9474-1A3956D46DE8}") = "Services", "Services", "{B600DF85-2513-4E06-B807-079022045024}"
EndProject
Project("{FAE04EC0-301F-11D3-BF4B-00C04F79EFBC}") = "BugReportContracts", "Services\BugReportContracts\BugReportContracts.csproj", "{9A147DAF-4C02-41B4-8846-9696D55249B5}"
EndProject
Project("{FAE04EC0-301F-11D3-BF4B-00C04F79EFBC}") = "BugReportServer", "Services\BugReportServer\BugReportServer.csproj", "{6EB9B7A3-F5EF-4DD2-AC28-10C8FECA15FC}"
EndProject
Project("{FAE04EC0-301F-11D3-BF4B-00C04F79EFBC}") = "MatchmakingContracts", "Services\MatchmakingContracts\MatchmakingContracts.csproj", "{BB6041E3-F435-406E-A9DD-9261D07778C2}"
EndProject
Project("{FAE04EC0-301F-11D3-BF4B-00C04F79EFBC}") = "MatchmakingServer", "Services\MatchmakingServer\MatchmakingServer.csproj", "{20FE9E2A-0803-41D6-A992-850185932DE2}"
EndProject
Project("{2150E333-8FDC-42A3-9474-1A3956D46DE8}") = "Games", "Games", "{B87A531B-B773-42CA-BEF8-26444078AE9F}"
EndProject
Project("{FAE04EC0-301F-11D3-BF4B-00C04F79EFBC}") = "RVO", "Shared\RVO\RVO.csproj", "{C4D39A69-7793-4FD6-A115-FC9BFA33DA58}"
EndProject
Project("{2150E333-8FDC-42A3-9474-1A3956D46DE8}") = "Tools", "Tools", "{FB6D7F56-6A47-4BB0-B7F9-5203D73E96E9}"
EndProject
Project("{FAE04EC0-301F-11D3-BF4B-00C04F79EFBC}") = "DerpTech.Cli", "Tools\DerpTech.Cli\DerpTech.Cli.csproj", "{E4F28AB8-464C-492B-AEEF-C0E5B1593687}"
EndProject
Project("{FAE04EC0-301F-11D3-BF4B-00C04F79EFBC}") = "ShaderCompiler", "Shared\ShaderCompiler\ShaderCompiler.csproj", "{B75A0E2D-4FC1-470F-BACC-FF21233B8805}"
EndProject
Project("{2150E333-8FDC-42A3-9474-1A3956D46DE8}") = "Engine", "Engine", "{A89DB245-B8E8-42F9-B701-FD436E7FB9C0}"
EndProject
Project("{2150E333-8FDC-42A3-9474-1A3956D46DE8}") = "src", "src", "{D3798195-C4D4-4D40-B2AD-DE250AD5F8A5}"
EndProject
Project("{FAE04EC0-301F-11D3-BF4B-00C04F79EFBC}") = "DerpTech.Engine", "Engine\src\Engine\Engine.csproj", "{FA0538D9-2ABA-49D9-8F78-B1C5576F4D03}"
EndProject
Project("{FAE04EC0-301F-11D3-BF4B-00C04F79EFBC}") = "DerpTech.Engine.Presentation", "Engine\src\Engine.Presentation\Engine.Presentation.csproj", "{20942A21-56E2-45BA-96E4-051CC05C01BE}"
EndProject
Project("{FAE04EC0-301F-11D3-BF4B-00C04F79EFBC}") = "GpuStruct.Annotations", "Shared\GpuStruct\Annotations\GpuStruct.Annotations.csproj", "{C8B87D9F-664D-4761-AF5F-C7D412BB6DBA}"
EndProject
Project("{FAE04EC0-301F-11D3-BF4B-00C04F79EFBC}") = "GpuStruct.Generator", "Shared\GpuStruct\Generator\GpuStruct.Generator.csproj", "{5E3A2F66-27FE-4E8B-8739-BF67DA8D011A}"
EndProject
Project("{FAE04EC0-301F-11D3-BF4B-00C04F79EFBC}") = "Derp.UI", "Derp.UI\Derp.UI.csproj", "{29F2B923-837A-42C2-A3DB-0E1C38174D7B}"
EndProject
Project("{FAE04EC0-301F-11D3-BF4B-00C04F79EFBC}") = "Derp.Ecs.Runtime", "Shared\DerpLib.Ecs\Runtime\Derp.Ecs.Runtime.csproj", "{86CB137E-1C8A-4240-8696-3A4ABEFF62D5}"
EndProject
Project("{FAE04EC0-301F-11D3-BF4B-00C04F79EFBC}") = "Derp.Ecs.Generator", "Shared\DerpLib.Ecs\Generator\Derp.Ecs.Generator.csproj", "{235AF795-DB7C-43A8-83F0-1D8539D67DF9}"
EndProject
Project("{FAE04EC0-301F-11D3-BF4B-00C04F79EFBC}") = "Derp.Ecs.Smoke", "Shared\DerpLib.Ecs\Smoke\Derp.Ecs.Smoke.csproj", "{5DD59DD4-0CF1-4E83-8A8E-647D05F6E91B}"
EndProject
Project("{FAE04EC0-301F-11D3-BF4B-00C04F79EFBC}") = "Derp.DI.Annotations", "Shared\DerpLib.DI\Annotations\Derp.DI.Annotations.csproj", "{CF1B7AA2-2B44-41F3-851F-52B2EE045734}"
EndProject
Project("{FAE04EC0-301F-11D3-BF4B-00C04F79EFBC}") = "Derp.DI.Generator", "Shared\DerpLib.DI\Generator\Derp.DI.Generator.csproj", "{B9962614-9DF3-44E1-8A47-E458E42E368C}"
EndProject
Project("{FAE04EC0-301F-11D3-BF4B-00C04F79EFBC}") = "Derp.DI.Tests", "Shared\DerpLib.DI\Tests\Derp.DI.Tests.csproj", "{67A076F3-7FA5-4162-8044-94288AC643AB}"
EndProject
Project("{2150E333-8FDC-42A3-9474-1A3956D46DE8}") = "DerpLib.Ecs.Blobs", "DerpLib.Ecs.Blobs", "{A31AF828-7F56-4219-9B72-1DDD9E517600}"
EndProject
Project("{FAE04EC0-301F-11D3-BF4B-00C04F79EFBC}") = "Derp.Ecs.Blobs.Runtime", "Shared\DerpLib.Ecs.Blobs\Runtime\Derp.Ecs.Blobs.Runtime.csproj", "{1F98034C-6D15-4C32-954B-B34D06A3D91B}"
EndProject
Project("{2150E333-8FDC-42A3-9474-1A3956D46DE8}") = "DerpLib.Ecs.Editor", "DerpLib.Ecs.Editor", "{5147C352-47A8-4007-9413-3B4FCC67B013}"
EndProject
Project("{FAE04EC0-301F-11D3-BF4B-00C04F79EFBC}") = "Derp.Ecs.Editor.Annotations", "Shared\DerpLib.Ecs.Editor\Annotations\Derp.Ecs.Editor.Annotations.csproj", "{388A76DB-20A3-4903-9647-B37ED1122615}"
EndProject
Project("{FAE04EC0-301F-11D3-BF4B-00C04F79EFBC}") = "Derp.Ecs.Editor.Runtime", "Shared\DerpLib.Ecs.Editor\Runtime\Derp.Ecs.Editor.Runtime.csproj", "{43FFB960-11DE-4D73-8076-9FA34ADBD5A7}"
EndProject
Project("{FAE04EC0-301F-11D3-BF4B-00C04F79EFBC}") = "Derp.Ecs.Editor.Generator", "Shared\DerpLib.Ecs.Editor\Generator\Derp.Ecs.Editor.Generator.csproj", "{13707E79-E33A-45E7-8E20-CCF1FFCC14A8}"
EndProject
Project("{FAE04EC0-301F-11D3-BF4B-00C04F79EFBC}") = "Derp.Ecs.Editor.Smoke", "Shared\DerpLib.Ecs.Editor\Smoke\Derp.Ecs.Editor.Smoke.csproj", "{305A2190-1F36-4E3F-9709-B176DA665D2D}"
EndProject
Project("{FAE04EC0-301F-11D3-BF4B-00C04F79EFBC}") = "GyrussClone", "Games\GyrussClone\GyrussClone.csproj", "{F1C1B171-F1C3-4DFB-838F-DB30F626AA52}"
EndProject
Project("{FAE04EC0-301F-11D3-BF4B-00C04F79EFBC}") = "DerpDoc.Runtime", "Shared\DerpDoc.Runtime\DerpDoc.Runtime.csproj", "{C52AC83E-0012-4707-B163-E6888EF0B6A7}"
EndProject
Project("{FAE04EC0-301F-11D3-BF4B-00C04F79EFBC}") = "SplineGame", "Games\SplineGame\SplineGame.csproj", "{1B3FEA36-A188-482B-B51C-D04682930D3D}"
EndProject
Global
	GlobalSection(SolutionConfigurationPlatforms) = preSolution
		Debug|Any CPU = Debug|Any CPU
		Release|Any CPU = Release|Any CPU
	EndGlobalSection
	GlobalSection(SolutionProperties) = preSolution
		HideSolutionNode = FALSE
	EndGlobalSection
	GlobalSection(ProjectConfigurationPlatforms) = postSolution
		{DFB47AB0-3E8B-4B90-8680-528C2BF705F9}.Debug|Any CPU.ActiveCfg = Debug|Any CPU
		{DFB47AB0-3E8B-4B90-8680-528C2BF705F9}.Debug|Any CPU.Build.0 = Debug|Any CPU
		{DFB47AB0-3E8B-4B90-8680-528C2BF705F9}.Release|Any CPU.ActiveCfg = Release|Any CPU
		{DFB47AB0-3E8B-4B90-8680-528C2BF705F9}.Release|Any CPU.Build.0 = Release|Any CPU
		{FA5F6D5C-A3CE-47ED-B9A8-D81B5AC1AC83}.Debug|Any CPU.ActiveCfg = Debug|Any CPU
		{FA5F6D5C-A3CE-47ED-B9A8-D81B5AC1AC83}.Debug|Any CPU.Build.0 = Debug|Any CPU
		{FA5F6D5C-A3CE-47ED-B9A8-D81B5AC1AC83}.Release|Any CPU.ActiveCfg = Release|Any CPU
		{FA5F6D5C-A3CE-47ED-B9A8-D81B5AC1AC83}.Release|Any CPU.Build.0 = Release|Any CPU
		{F0DB6AF9-B2D9-478A-A532-A212A21C5FA4}.Debug|Any CPU.ActiveCfg = Debug|Any CPU
		{F0DB6AF9-B2D9-478A-A532-A212A21C5FA4}.Debug|Any CPU.Build.0 = Debug|Any CPU
		{F0DB6AF9-B2D9-478A-A532-A212A21C5FA4}.Release|Any CPU.ActiveCfg = Release|Any CPU
		{F0DB6AF9-B2D9-478A-A532-A212A21C5FA4}.Release|Any CPU.Build.0 = Release|Any CPU
		{4E84538D-6F9E-4F6D-9CA9-123784CDCCFE}.Debug|Any CPU.ActiveCfg = Debug|Any CPU
		{4E84538D-6F9E-4F6D-9CA9-123784CDCCFE}.Debug|Any CPU.Build.0 = Debug|Any CPU
		{4E84538D-6F9E-4F6D-9CA9-123784CDCCFE}.Release|Any CPU.ActiveCfg = Release|Any CPU
		{4E84538D-6F9E-4F6D-9CA9-123784CDCCFE}.Release|Any CPU.Build.0 = Release|Any CPU
		{10A96D1C-DF24-4979-A32B-895814BA5597}.Debug|Any CPU.ActiveCfg = Debug|Any CPU
		{10A96D1C-DF24-4979-A32B-895814BA5597}.Debug|Any CPU.Build.0 = Debug|Any CPU
		{10A96D1C-DF24-4979-A32B-895814BA5597}.Release|Any CPU.ActiveCfg = Release|Any CPU
		{10A96D1C-DF24-4979-A32B-895814BA5597}.Release|Any CPU.Build.0 = Release|Any CPU
		{55B37F08-6F9B-4535-BF86-18F43FB65846}.Debug|Any CPU.ActiveCfg = Debug|Any CPU
		{55B37F08-6F9B-4535-BF86-18F43FB65846}.Debug|Any CPU.Build.0 = Debug|Any CPU
		{55B37F08-6F9B-4535-BF86-18F43FB65846}.Release|Any CPU.ActiveCfg = Release|Any CPU
		{55B37F08-6F9B-4535-BF86-18F43FB65846}.Release|Any CPU.Build.0 = Release|Any CPU
		{BAF2BBB7-B825-48C3-95D5-F72C4F52B499}.Debug|Any CPU.ActiveCfg = Debug|Any CPU
		{BAF2BBB7-B825-48C3-95D5-F72C4F52B499}.Debug|Any CPU.Build.0 = Debug|Any CPU
		{BAF2BBB7-B825-48C3-95D5-F72C4F52B499}.Release|Any CPU.ActiveCfg = Release|Any CPU
		{BAF2BBB7-B825-48C3-95D5-F72C4F52B499}.Release|Any CPU.Build.0 = Release|Any CPU
		{0FC677E3-C759-43FE-ACC1-1BEEF00CD6DD}.Debug|Any CPU.ActiveCfg = Debug|Any CPU
		{0FC677E3-C759-43FE-ACC1-1BEEF00CD6DD}.Debug|Any CPU.Build.0 = Debug|Any CPU
		{0FC677E3-C759-43FE-ACC1-1BEEF00CD6DD}.Release|Any CPU.ActiveCfg = Release|Any CPU
		{0FC677E3-C759-43FE-ACC1-1BEEF00CD6DD}.Release|Any CPU.Build.0 = Release|Any CPU
		{676B0658-D805-45B0-8F14-86C20B6F2A4C}.Debug|Any CPU.ActiveCfg = Debug|Any CPU
		{676B0658-D805-45B0-8F14-86C20B6F2A4C}.Debug|Any CPU.Build.0 = Debug|Any CPU
		{676B0658-D805-45B0-8F14-86C20B6F2A4C}.Release|Any CPU.ActiveCfg = Release|Any CPU
		{676B0658-D805-45B0-8F14-86C20B6F2A4C}.Release|Any CPU.Build.0 = Release|Any CPU
		{3E8458D5-5397-466A-84E8-A41FC01B9A75}.Debug|Any CPU.ActiveCfg = Debug|Any CPU
		{3E8458D5-5397-466A-84E8-A41FC01B9A75}.Debug|Any CPU.Build.0 = Debug|Any CPU
		{3E8458D5-5397-466A-84E8-A41FC01B9A75}.Release|Any CPU.ActiveCfg = Release|Any CPU
		{3E8458D5-5397-466A-84E8-A41FC01B9A75}.Release|Any CPU.Build.0 = Release|Any CPU
		{C5447532-28F9-4E73-BFF5-29DD40618814}.Debug|Any CPU.ActiveCfg = Debug|Any CPU
		{C5447532-28F9-4E73-BFF5-29DD40618814}.Debug|Any CPU.Build.0 = Debug|Any CPU
		{C5447532-28F9-4E73-BFF5-29DD40618814}.Release|Any CPU.ActiveCfg = Release|Any CPU
		{C5447532-28F9-4E73-BFF5-29DD40618814}.Release|Any CPU.Build.0 = Release|Any CPU
		{0102EE2A-BA37-4CA4-9468-2C20942545E3}.Debug|Any CPU.ActiveCfg = Debug|Any CPU
		{0102EE2A-BA37-4CA4-9468-2C20942545E3}.Debug|Any CPU.Build.0 = Debug|Any CPU
		{0102EE2A-BA37-4CA4-9468-2C20942545E3}.Release|Any CPU.ActiveCfg = Release|Any CPU
		{0102EE2A-BA37-4CA4-9468-2C20942545E3}.Release|Any CPU.Build.0 = Release|Any CPU
		{C00B153E-AB5C-463B-A885-89CD42349389}.Debug|Any CPU.ActiveCfg = Debug|Any CPU
		{C00B153E-AB5C-463B-A885-89CD42349389}.Debug|Any CPU.Build.0 = Debug|Any CPU
		{C00B153E-AB5C-463B-A885-89CD42349389}.Release|Any CPU.ActiveCfg = Release|Any CPU
		{C00B153E-AB5C-463B-A885-89CD42349389}.Release|Any CPU.Build.0 = Release|Any CPU
		{611CDCE6-9391-45F6-932A-2D8FC4BAF8CC}.Debug|Any CPU.ActiveCfg = Debug|Any CPU
		{611CDCE6-9391-45F6-932A-2D8FC4BAF8CC}.Debug|Any CPU.Build.0 = Debug|Any CPU
		{611CDCE6-9391-45F6-932A-2D8FC4BAF8CC}.Release|Any CPU.ActiveCfg = Release|Any CPU
		{611CDCE6-9391-45F6-932A-2D8FC4BAF8CC}.Release|Any CPU.Build.0 = Release|Any CPU
		{31A6565E-BD68-4B33-8C75-45ADFFF97784}.Debug|Any CPU.ActiveCfg = Debug|Any CPU
		{31A6565E-BD68-4B33-8C75-45ADFFF97784}.Debug|Any CPU.Build.0 = Debug|Any CPU
		{31A6565E-BD68-4B33-8C75-45ADFFF97784}.Release|Any CPU.ActiveCfg = Release|Any CPU
		{31A6565E-BD68-4B33-8C75-45ADFFF97784}.Release|Any CPU.Build.0 = Release|Any CPU
		{882AD482-2120-4E3E-95BD-36B71EA70489}.Debug|Any CPU.ActiveCfg = Debug|Any CPU
		{882AD482-2120-4E3E-95BD-36B71EA70489}.Debug|Any CPU.Build.0 = Debug|Any CPU
		{882AD482-2120-4E3E-95BD-36B71EA70489}.Release|Any CPU.ActiveCfg = Release|Any CPU
		{882AD482-2120-4E3E-95BD-36B71EA70489}.Release|Any CPU.Build.0 = Release|Any CPU
		{AE34B029-1726-46DB-BDB5-EFFB1D668EE3}.Debug|Any CPU.ActiveCfg = Debug|Any CPU
		{AE34B029-1726-46DB-BDB5-EFFB1D668EE3}.Debug|Any CPU.Build.0 = Debug|Any CPU
		{AE34B029-1726-46DB-BDB5-EFFB1D668EE3}.Release|Any CPU.ActiveCfg = Release|Any CPU
		{AE34B029-1726-46DB-BDB5-EFFB1D668EE3}.Release|Any CPU.Build.0 = Release|Any CPU
		{AAAAAAAA-AAAA-AAAA-AAAA-AAAAAAAAAAAA}.Debug|Any CPU.ActiveCfg = Debug|Any CPU
		{AAAAAAAA-AAAA-AAAA-AAAA-AAAAAAAAAAAA}.Debug|Any CPU.Build.0 = Debug|Any CPU
		{AAAAAAAA-AAAA-AAAA-AAAA-AAAAAAAAAAAA}.Release|Any CPU.ActiveCfg = Release|Any CPU
		{AAAAAAAA-AAAA-AAAA-AAAA-AAAAAAAAAAAA}.Release|Any CPU.Build.0 = Release|Any CPU
		{BBBBBBBB-BBBB-BBBB-BBBB-BBBBBBBBBBBB}.Debug|Any CPU.ActiveCfg = Debug|Any CPU
		{BBBBBBBB-BBBB-BBBB-BBBB-BBBBBBBBBBBB}.Debug|Any CPU.Build.0 = Debug|Any CPU
		{BBBBBBBB-BBBB-BBBB-BBBB-BBBBBBBBBBBB}.Release|Any CPU.ActiveCfg = Release|Any CPU
		{BBBBBBBB-BBBB-BBBB-BBBB-BBBBBBBBBBBB}.Release|Any CPU.Build.0 = Release|Any CPU
		{CCCCCCCC-CCCC-CCCC-CCCC-CCCCCCCCCCCC}.Debug|Any CPU.ActiveCfg = Debug|Any CPU
		{CCCCCCCC-CCCC-CCCC-CCCC-CCCCCCCCCCCC}.Debug|Any CPU.Build.0 = Debug|Any CPU
		{CCCCCCCC-CCCC-CCCC-CCCC-CCCCCCCCCCCC}.Release|Any CPU.ActiveCfg = Release|Any CPU
		{CCCCCCCC-CCCC-CCCC-CCCC-CCCCCCCCCCCC}.Release|Any CPU.Build.0 = Release|Any CPU
		{9A147DAF-4C02-41B4-8846-9696D55249B5}.Debug|Any CPU.ActiveCfg = Debug|Any CPU
		{9A147DAF-4C02-41B4-8846-9696D55249B5}.Debug|Any CPU.Build.0 = Debug|Any CPU
		{9A147DAF-4C02-41B4-8846-9696D55249B5}.Release|Any CPU.ActiveCfg = Release|Any CPU
		{9A147DAF-4C02-41B4-8846-9696D55249B5}.Release|Any CPU.Build.0 = Release|Any CPU
		{6EB9B7A3-F5EF-4DD2-AC28-10C8FECA15FC}.Debug|Any CPU.ActiveCfg = Debug|Any CPU
		{6EB9B7A3-F5EF-4DD2-AC28-10C8FECA15FC}.Debug|Any CPU.Build.0 = Debug|Any CPU
		{6EB9B7A3-F5EF-4DD2-AC28-10C8FECA15FC}.Release|Any CPU.ActiveCfg = Release|Any CPU
		{6EB9B7A3-F5EF-4DD2-AC28-10C8FECA15FC}.Release|Any CPU.Build.0 = Release|Any CPU
		{BB6041E3-F435-406E-A9DD-9261D07778C2}.Debug|Any CPU.ActiveCfg = Debug|Any CPU
		{BB6041E3-F435-406E-A9DD-9261D07778C2}.Debug|Any CPU.Build.0 = Debug|Any CPU
		{BB6041E3-F435-406E-A9DD-9261D07778C2}.Release|Any CPU.ActiveCfg = Release|Any CPU
		{BB6041E3-F435-406E-A9DD-9261D07778C2}.Release|Any CPU.Build.0 = Release|Any CPU
		{20FE9E2A-0803-41D6-A992-850185932DE2}.Debug|Any CPU.ActiveCfg = Debug|Any CPU
		{20FE9E2A-0803-41D6-A992-850185932DE2}.Debug|Any CPU.Build.0 = Debug|Any CPU
		{20FE9E2A-0803-41D6-A992-850185932DE2}.Release|Any CPU.ActiveCfg = Release|Any CPU
		{20FE9E2A-0803-41D6-A992-850185932DE2}.Release|Any CPU.Build.0 = Release|Any CPU
		{C4D39A69-7793-4FD6-A115-FC9BFA33DA58}.Debug|Any CPU.ActiveCfg = Debug|Any CPU
		{C4D39A69-7793-4FD6-A115-FC9BFA33DA58}.Debug|Any CPU.Build.0 = Debug|Any CPU
		{C4D39A69-7793-4FD6-A115-FC9BFA33DA58}.Release|Any CPU.ActiveCfg = Release|Any CPU
		{C4D39A69-7793-4FD6-A115-FC9BFA33DA58}.Release|Any CPU.Build.0 = Release|Any CPU
		{E4F28AB8-464C-492B-AEEF-C0E5B1593687}.Debug|Any CPU.ActiveCfg = Debug|Any CPU
		{E4F28AB8-464C-492B-AEEF-C0E5B1593687}.Debug|Any CPU.Build.0 = Debug|Any CPU
		{E4F28AB8-464C-492B-AEEF-C0E5B1593687}.Release|Any CPU.ActiveCfg = Release|Any CPU
		{E4F28AB8-464C-492B-AEEF-C0E5B1593687}.Release|Any CPU.Build.0 = Release|Any CPU
		{B75A0E2D-4FC1-470F-BACC-FF21233B8805}.Debug|Any CPU.ActiveCfg = Debug|Any CPU
		{B75A0E2D-4FC1-470F-BACC-FF21233B8805}.Debug|Any CPU.Build.0 = Debug|Any CPU
		{B75A0E2D-4FC1-470F-BACC-FF21233B8805}.Release|Any CPU.ActiveCfg = Release|Any CPU
		{B75A0E2D-4FC1-470F-BACC-FF21233B8805}.Release|Any CPU.Build.0 = Release|Any CPU
		{FA0538D9-2ABA-49D9-8F78-B1C5576F4D03}.Debug|Any CPU.ActiveCfg = Debug|Any CPU
		{FA0538D9-2ABA-49D9-8F78-B1C5576F4D03}.Debug|Any CPU.Build.0 = Debug|Any CPU
		{FA0538D9-2ABA-49D9-8F78-B1C5576F4D03}.Release|Any CPU.ActiveCfg = Release|Any CPU
		{FA0538D9-2ABA-49D9-8F78-B1C5576F4D03}.Release|Any CPU.Build.0 = Release|Any CPU
		{20942A21-56E2-45BA-96E4-051CC05C01BE}.Debug|Any CPU.ActiveCfg = Debug|Any CPU
		{20942A21-56E2-45BA-96E4-051CC05C01BE}.Debug|Any CPU.Build.0 = Debug|Any CPU
		{20942A21-56E2-45BA-96E4-051CC05C01BE}.Release|Any CPU.ActiveCfg = Release|Any CPU
		{20942A21-56E2-45BA-96E4-051CC05C01BE}.Release|Any CPU.Build.0 = Release|Any CPU
		{C8B87D9F-664D-4761-AF5F-C7D412BB6DBA}.Debug|Any CPU.ActiveCfg = Debug|Any CPU
		{C8B87D9F-664D-4761-AF5F-C7D412BB6DBA}.Debug|Any CPU.Build.0 = Debug|Any CPU
		{C8B87D9F-664D-4761-AF5F-C7D412BB6DBA}.Release|Any CPU.ActiveCfg = Release|Any CPU
		{C8B87D9F-664D-4761-AF5F-C7D412BB6DBA}.Release|Any CPU.Build.0 = Release|Any CPU
		{5E3A2F66-27FE-4E8B-8739-BF67DA8D011A}.Debug|Any CPU.ActiveCfg = Debug|Any CPU
		{5E3A2F66-27FE-4E8B-8739-BF67DA8D011A}.Debug|Any CPU.Build.0 = Debug|Any CPU
		{5E3A2F66-27FE-4E8B-8739-BF67DA8D011A}.Release|Any CPU.ActiveCfg = Release|Any CPU
		{5E3A2F66-27FE-4E8B-8739-BF67DA8D011A}.Release|Any CPU.Build.0 = Release|Any CPU
		{29F2B923-837A-42C2-A3DB-0E1C38174D7B}.Debug|Any CPU.ActiveCfg = Debug|Any CPU
		{29F2B923-837A-42C2-A3DB-0E1C38174D7B}.Debug|Any CPU.Build.0 = Debug|Any CPU
		{29F2B923-837A-42C2-A3DB-0E1C38174D7B}.Release|Any CPU.ActiveCfg = Release|Any CPU
		{29F2B923-837A-42C2-A3DB-0E1C38174D7B}.Release|Any CPU.Build.0 = Release|Any CPU
		{86CB137E-1C8A-4240-8696-3A4ABEFF62D5}.Debug|Any CPU.ActiveCfg = Debug|Any CPU
		{86CB137E-1C8A-4240-8696-3A4ABEFF62D5}.Debug|Any CPU.Build.0 = Debug|Any CPU
		{86CB137E-1C8A-4240-8696-3A4ABEFF62D5}.Release|Any CPU.ActiveCfg = Release|Any CPU
		{86CB137E-1C8A-4240-8696-3A4ABEFF62D5}.Release|Any CPU.Build.0 = Release|Any CPU
		{235AF795-DB7C-43A8-83F0-1D8539D67DF9}.Debug|Any CPU.ActiveCfg = Debug|Any CPU
		{235AF795-DB7C-43A8-83F0-1D8539D67DF9}.Debug|Any CPU.Build.0 = Debug|Any CPU
		{235AF795-DB7C-43A8-83F0-1D8539D67DF9}.Release|Any CPU.ActiveCfg = Release|Any CPU
		{235AF795-DB7C-43A8-83F0-1D8539D67DF9}.Release|Any CPU.Build.0 = Release|Any CPU
		{5DD59DD4-0CF1-4E83-8A8E-647D05F6E91B}.Debug|Any CPU.ActiveCfg = Debug|Any CPU
		{5DD59DD4-0CF1-4E83-8A8E-647D05F6E91B}.Debug|Any CPU.Build.0 = Debug|Any CPU
		{5DD59DD4-0CF1-4E83-8A8E-647D05F6E91B}.Release|Any CPU.ActiveCfg = Release|Any CPU
		{5DD59DD4-0CF1-4E83-8A8E-647D05F6E91B}.Release|Any CPU.Build.0 = Release|Any CPU
		{CF1B7AA2-2B44-41F3-851F-52B2EE045734}.Debug|Any CPU.ActiveCfg = Debug|Any CPU
		{CF1B7AA2-2B44-41F3-851F-52B2EE045734}.Debug|Any CPU.Build.0 = Debug|Any CPU
		{CF1B7AA2-2B44-41F3-851F-52B2EE045734}.Release|Any CPU.ActiveCfg = Release|Any CPU
		{CF1B7AA2-2B44-41F3-851F-52B2EE045734}.Release|Any CPU.Build.0 = Release|Any CPU
		{B9962614-9DF3-44E1-8A47-E458E42E368C}.Debug|Any CPU.ActiveCfg = Debug|Any CPU
		{B9962614-9DF3-44E1-8A47-E458E42E368C}.Debug|Any CPU.Build.0 = Debug|Any CPU
		{B9962614-9DF3-44E1-8A47-E458E42E368C}.Release|Any CPU.ActiveCfg = Release|Any CPU
		{B9962614-9DF3-44E1-8A47-E458E42E368C}.Release|Any CPU.Build.0 = Release|Any CPU
		{67A076F3-7FA5-4162-8044-94288AC643AB}.Debug|Any CPU.ActiveCfg = Debug|Any CPU
		{67A076F3-7FA5-4162-8044-94288AC643AB}.Debug|Any CPU.Build.0 = Debug|Any CPU
		{67A076F3-7FA5-4162-8044-94288AC643AB}.Release|Any CPU.ActiveCfg = Release|Any CPU
		{67A076F3-7FA5-4162-8044-94288AC643AB}.Release|Any CPU.Build.0 = Release|Any CPU
		{1F98034C-6D15-4C32-954B-B34D06A3D91B}.Debug|Any CPU.ActiveCfg = Debug|Any CPU
		{1F98034C-6D15-4C32-954B-B34D06A3D91B}.Debug|Any CPU.Build.0 = Debug|Any CPU
		{1F98034C-6D15-4C32-954B-B34D06A3D91B}.Release|Any CPU.ActiveCfg = Release|Any CPU
		{1F98034C-6D15-4C32-954B-B34D06A3D91B}.Release|Any CPU.Build.0 = Release|Any CPU
		{388A76DB-20A3-4903-9647-B37ED1122615}.Debug|Any CPU.ActiveCfg = Debug|Any CPU
		{388A76DB-20A3-4903-9647-B37ED1122615}.Debug|Any CPU.Build.0 = Debug|Any CPU
		{388A76DB-20A3-4903-9647-B37ED1122615}.Release|Any CPU.ActiveCfg = Release|Any CPU
		{388A76DB-20A3-4903-9647-B37ED1122615}.Release|Any CPU.Build.0 = Release|Any CPU
		{43FFB960-11DE-4D73-8076-9FA34ADBD5A7}.Debug|Any CPU.ActiveCfg = Debug|Any CPU
		{43FFB960-11DE-4D73-8076-9FA34ADBD5A7}.Debug|Any CPU.Build.0 = Debug|Any CPU
		{43FFB960-11DE-4D73-8076-9FA34ADBD5A7}.Release|Any CPU.ActiveCfg = Release|Any CPU
		{43FFB960-11DE-4D73-8076-9FA34ADBD5A7}.Release|Any CPU.Build.0 = Release|Any CPU
		{13707E79-E33A-45E7-8E20-CCF1FFCC14A8}.Debug|Any CPU.ActiveCfg = Debug|Any CPU
		{13707E79-E33A-45E7-8E20-CCF1FFCC14A8}.Debug|Any CPU.Build.0 = Debug|Any CPU
		{13707E79-E33A-45E7-8E20-CCF1FFCC14A8}.Release|Any CPU.ActiveCfg = Release|Any CPU
		{13707E79-E33A-45E7-8E20-CCF1FFCC14A8}.Release|Any CPU.Build.0 = Release|Any CPU
		{305A2190-1F36-4E3F-9709-B176DA665D2D}.Debug|Any CPU.ActiveCfg = Debug|Any CPU
		{305A2190-1F36-4E3F-9709-B176DA665D2D}.Debug|Any CPU.Build.0 = Debug|Any CPU
		{305A2190-1F36-4E3F-9709-B176DA665D2D}.Release|Any CPU.ActiveCfg = Release|Any CPU
		{305A2190-1F36-4E3F-9709-B176DA665D2D}.Release|Any CPU.Build.0 = Release|Any CPU
		{F1C1B171-F1C3-4DFB-838F-DB30F626AA52}.Debug|Any CPU.ActiveCfg = Debug|Any CPU
		{F1C1B171-F1C3-4DFB-838F-DB30F626AA52}.Debug|Any CPU.Build.0 = Debug|Any CPU
		{F1C1B171-F1C3-4DFB-838F-DB30F626AA52}.Release|Any CPU.ActiveCfg = Release|Any CPU
		{F1C1B171-F1C3-4DFB-838F-DB30F626AA52}.Release|Any CPU.Build.0 = Release|Any CPU
		{C52AC83E-0012-4707-B163-E6888EF0B6A7}.Debug|Any CPU.ActiveCfg = Debug|Any CPU
		{C52AC83E-0012-4707-B163-E6888EF0B6A7}.Debug|Any CPU.Build.0 = Debug|Any CPU
		{C52AC83E-0012-4707-B163-E6888EF0B6A7}.Release|Any CPU.ActiveCfg = Release|Any CPU
		{C52AC83E-0012-4707-B163-E6888EF0B6A7}.Release|Any CPU.Build.0 = Release|Any CPU
		{1B3FEA36-A188-482B-B51C-D04682930D3D}.Debug|Any CPU.ActiveCfg = Debug|Any CPU
		{1B3FEA36-A188-482B-B51C-D04682930D3D}.Debug|Any CPU.Build.0 = Debug|Any CPU
		{1B3FEA36-A188-482B-B51C-D04682930D3D}.Release|Any CPU.ActiveCfg = Release|Any CPU
		{1B3FEA36-A188-482B-B51C-D04682930D3D}.Release|Any CPU.Build.0 = Release|Any CPU
	EndGlobalSection
	GlobalSection(NestedProjects) = preSolution
		{DFB47AB0-3E8B-4B90-8680-528C2BF705F9} = {57FDAF38-A283-42D8-A45A-401317852F7E}
		{FA5F6D5C-A3CE-47ED-B9A8-D81B5AC1AC83} = {57FDAF38-A283-42D8-A45A-401317852F7E}
		{F0DB6AF9-B2D9-478A-A532-A212A21C5FA4} = {57FDAF38-A283-42D8-A45A-401317852F7E}
		{4E84538D-6F9E-4F6D-9CA9-123784CDCCFE} = {57FDAF38-A283-42D8-A45A-401317852F7E}
		{10A96D1C-DF24-4979-A32B-895814BA5597} = {57FDAF38-A283-42D8-A45A-401317852F7E}
		{55B37F08-6F9B-4535-BF86-18F43FB65846} = {57FDAF38-A283-42D8-A45A-401317852F7E}
		{BAF2BBB7-B825-48C3-95D5-F72C4F52B499} = {57FDAF38-A283-42D8-A45A-401317852F7E}
		{0FC677E3-C759-43FE-ACC1-1BEEF00CD6DD} = {57FDAF38-A283-42D8-A45A-401317852F7E}
		{676B0658-D805-45B0-8F14-86C20B6F2A4C} = {57FDAF38-A283-42D8-A45A-401317852F7E}
		{3E8458D5-5397-466A-84E8-A41FC01B9A75} = {57FDAF38-A283-42D8-A45A-401317852F7E}
		{C5447532-28F9-4E73-BFF5-29DD40618814} = {57FDAF38-A283-42D8-A45A-401317852F7E}
		{0102EE2A-BA37-4CA4-9468-2C20942545E3} = {57FDAF38-A283-42D8-A45A-401317852F7E}
		{C00B153E-AB5C-463B-A885-89CD42349389} = {57FDAF38-A283-42D8-A45A-401317852F7E}
		{611CDCE6-9391-45F6-932A-2D8FC4BAF8CC} = {57FDAF38-A283-42D8-A45A-401317852F7E}
		{38A54824-F212-4C86-8C62-E5FEDE03ABD4} = {57FDAF38-A283-42D8-A45A-401317852F7E}
		{E010D62F-444E-496F-9016-93703032B71C} = {57FDAF38-A283-42D8-A45A-401317852F7E}
		{C4C95302-7D80-47B4-8637-A2623F93E82A} = {57FDAF38-A283-42D8-A45A-401317852F7E}
		{31A6565E-BD68-4B33-8C75-45ADFFF97784} = {57FDAF38-A283-42D8-A45A-401317852F7E}
		{882AD482-2120-4E3E-95BD-36B71EA70489} = {57FDAF38-A283-42D8-A45A-401317852F7E}
		{AE34B029-1726-46DB-BDB5-EFFB1D668EE3} = {57FDAF38-A283-42D8-A45A-401317852F7E}
		{AAAAAAAA-AAAA-AAAA-AAAA-AAAAAAAAAAAA} = {57FDAF38-A283-42D8-A45A-401317852F7E}
		{BBBBBBBB-BBBB-BBBB-BBBB-BBBBBBBBBBBB} = {57FDAF38-A283-42D8-A45A-401317852F7E}
		{CCCCCCCC-CCCC-CCCC-CCCC-CCCCCCCCCCCC} = {57FDAF38-A283-42D8-A45A-401317852F7E}
		{9A147DAF-4C02-41B4-8846-9696D55249B5} = {B600DF85-2513-4E06-B807-079022045024}
		{6EB9B7A3-F5EF-4DD2-AC28-10C8FECA15FC} = {B600DF85-2513-4E06-B807-079022045024}
		{BB6041E3-F435-406E-A9DD-9261D07778C2} = {B600DF85-2513-4E06-B807-079022045024}
		{20FE9E2A-0803-41D6-A992-850185932DE2} = {B600DF85-2513-4E06-B807-079022045024}
		{C4D39A69-7793-4FD6-A115-FC9BFA33DA58} = {57FDAF38-A283-42D8-A45A-401317852F7E}
		{E4F28AB8-464C-492B-AEEF-C0E5B1593687} = {FB6D7F56-6A47-4BB0-B7F9-5203D73E96E9}
		{B75A0E2D-4FC1-470F-BACC-FF21233B8805} = {57FDAF38-A283-42D8-A45A-401317852F7E}
		{D3798195-C4D4-4D40-B2AD-DE250AD5F8A5} = {A89DB245-B8E8-42F9-B701-FD436E7FB9C0}
		{FA0538D9-2ABA-49D9-8F78-B1C5576F4D03} = {D3798195-C4D4-4D40-B2AD-DE250AD5F8A5}
		{20942A21-56E2-45BA-96E4-051CC05C01BE} = {D3798195-C4D4-4D40-B2AD-DE250AD5F8A5}
		{C8B87D9F-664D-4761-AF5F-C7D412BB6DBA} = {57FDAF38-A283-42D8-A45A-401317852F7E}
		{5E3A2F66-27FE-4E8B-8739-BF67DA8D011A} = {57FDAF38-A283-42D8-A45A-401317852F7E}
		{86CB137E-1C8A-4240-8696-3A4ABEFF62D5} = {57FDAF38-A283-42D8-A45A-401317852F7E}
		{235AF795-DB7C-43A8-83F0-1D8539D67DF9} = {57FDAF38-A283-42D8-A45A-401317852F7E}
		{5DD59DD4-0CF1-4E83-8A8E-647D05F6E91B} = {57FDAF38-A283-42D8-A45A-401317852F7E}
		{CF1B7AA2-2B44-41F3-851F-52B2EE045734} = {57FDAF38-A283-42D8-A45A-401317852F7E}
		{B9962614-9DF3-44E1-8A47-E458E42E368C} = {57FDAF38-A283-42D8-A45A-401317852F7E}
		{67A076F3-7FA5-4162-8044-94288AC643AB} = {57FDAF38-A283-42D8-A45A-401317852F7E}
		{A31AF828-7F56-4219-9B72-1DDD9E517600} = {57FDAF38-A283-42D8-A45A-401317852F7E}
		{1F98034C-6D15-4C32-954B-B34D06A3D91B} = {A31AF828-7F56-4219-9B72-1DDD9E517600}
		{5147C352-47A8-4007-9413-3B4FCC67B013} = {57FDAF38-A283-42D8-A45A-401317852F7E}
		{388A76DB-20A3-4903-9647-B37ED1122615} = {5147C352-47A8-4007-9413-3B4FCC67B013}
		{43FFB960-11DE-4D73-8076-9FA34ADBD5A7} = {5147C352-47A8-4007-9413-3B4FCC67B013}
		{13707E79-E33A-45E7-8E20-CCF1FFCC14A8} = {5147C352-47A8-4007-9413-3B4FCC67B013}
		{305A2190-1F36-4E3F-9709-B176DA665D2D} = {5147C352-47A8-4007-9413-3B4FCC67B013}
		{F1C1B171-F1C3-4DFB-838F-DB30F626AA52} = {B87A531B-B773-42CA-BEF8-26444078AE9F}
		{C52AC83E-0012-4707-B163-E6888EF0B6A7} = {57FDAF38-A283-42D8-A45A-401317852F7E}
		{1B3FEA36-A188-482B-B51C-D04682930D3D} = {B87A531B-B773-42CA-BEF8-26444078AE9F}
	EndGlobalSection
EndGlobal
