
Microsoft Visual Studio Solution File, Format Version 12.00
# Visual Studio Version 17
VisualStudioVersion = 17.0.31903.59
MinimumVisualStudioVersion = 10.0.40219.1
Project("{2150E333-8FDC-42A3-9474-1A3956D46DE8}") = "src", "src", "{D4613954-901D-4559-B306-FA4500FF50E7}"
EndProject
Project("{FAE04EC0-301F-11D3-BF4B-00C04F79EFBC}") = "DerpTech.Engine", "src\Engine\Engine.csproj", "{7C5B0ADF-1A1E-47C5-9AD9-566245B1145B}"
EndProject
Project("{2150E333-8FDC-42A3-9474-1A3956D46DE8}") = "examples", "examples", "{D2BFD722-F3A9-4976-993C-43B7153AA3B8}"
EndProject
Project("{FAE04EC0-301F-11D3-BF4B-00C04F79EFBC}") = "DerpTech.Engine.Examples", "examples\Engine.Examples\Engine.Examples.csproj", "{FC9BF7BB-AF54-4AC3-BCDD-8CE544CE33A4}"
EndProject
Project("{2150E333-8FDC-42A3-9474-1A3956D46DE8}") = "Shared", "Shared", "{3F4A9489-50D8-406B-9F78-E6CBDED16604}"
EndProject
Project("{FAE04EC0-301F-11D3-BF4B-00C04F79EFBC}") = "Vfs", "..\Shared\Vfs\Vfs.csproj", "{7774C645-6787-43F5-A146-34F932B28238}"
EndProject
Project("{FAE04EC0-301F-11D3-BF4B-00C04F79EFBC}") = "AssetPipeline.Abstractions", "..\Shared\AssetPipeline.Abstractions\AssetPipeline.Abstractions.csproj", "{1C9CAE2A-5CF1-4BA7-AFBC-2F64F17799AB}"
EndProject
Project("{FAE04EC0-301F-11D3-BF4B-00C04F79EFBC}") = "AssetPipeline.Core", "..\Shared\AssetPipeline.Core\AssetPipeline.Core.csproj", "{338D0299-F3AB-43EC-BCEE-8B327FFBF11B}"
EndProject
Project("{FAE04EC0-301F-11D3-BF4B-00C04F79EFBC}") = "AssetPipeline.Runtime", "..\Shared\AssetPipeline.Runtime\AssetPipeline.Runtime.csproj", "{789D59F4-ACF8-4BE4-ABD1-063F0A4311DE}"
EndProject
Project("{FAE04EC0-301F-11D3-BF4B-00C04F79EFBC}") = "AssetPipeline.Storage", "..\Shared\AssetPipeline.Storage\AssetPipeline.Storage.csproj", "{1B943757-EA1C-46C6-8055-3D31D3A7D7A7}"
EndProject
Project("{FAE04EC0-301F-11D3-BF4B-00C04F79EFBC}") = "AssetPipeline.Build", "..\Shared\AssetPipeline.Build\AssetPipeline.Build.csproj", "{4C73C412-4B5C-4D89-9098-0DAB09492CDC}"
EndProject
Project("{2150E333-8FDC-42A3-9474-1A3956D46DE8}") = "tests", "tests", "{1F70EA44-5DCB-42EA-9887-5B5DD2D98E5E}"
EndProject
Project("{FAE04EC0-301F-11D3-BF4B-00C04F79EFBC}") = "AssetPipeline.AotTest", "tests\AssetPipeline.AotTest\AssetPipeline.AotTest.csproj", "{670F60C5-8742-49C7-AFF2-7936BF9DAE9C}"
EndProject
Project("{FAE04EC0-301F-11D3-BF4B-00C04F79EFBC}") = "AssetPipeline.Generator", "..\Shared\AssetPipeline.Generator\AssetPipeline.Generator.csproj", "{82AF3703-915B-432C-9175-0F7E75CEEA7E}"
EndProject
Global
	GlobalSection(SolutionConfigurationPlatforms) = preSolution
		Debug|Any CPU = Debug|Any CPU
		Release|Any CPU = Release|Any CPU
	EndGlobalSection
	GlobalSection(SolutionProperties) = preSolution
		HideSolutionNode = FALSE
	EndGlobalSection
	GlobalSection(ProjectConfigurationPlatforms) = postSolution
		{7C5B0ADF-1A1E-47C5-9AD9-566245B1145B}.Debug|Any CPU.ActiveCfg = Debug|Any CPU
		{7C5B0ADF-1A1E-47C5-9AD9-566245B1145B}.Debug|Any CPU.Build.0 = Debug|Any CPU
		{7C5B0ADF-1A1E-47C5-9AD9-566245B1145B}.Release|Any CPU.ActiveCfg = Release|Any CPU
		{7C5B0ADF-1A1E-47C5-9AD9-566245B1145B}.Release|Any CPU.Build.0 = Release|Any CPU
		{FC9BF7BB-AF54-4AC3-BCDD-8CE544CE33A4}.Debug|Any CPU.ActiveCfg = Debug|Any CPU
		{FC9BF7BB-AF54-4AC3-BCDD-8CE544CE33A4}.Debug|Any CPU.Build.0 = Debug|Any CPU
		{FC9BF7BB-AF54-4AC3-BCDD-8CE544CE33A4}.Release|Any CPU.ActiveCfg = Release|Any CPU
		{FC9BF7BB-AF54-4AC3-BCDD-8CE544CE33A4}.Release|Any CPU.Build.0 = Release|Any CPU
		{7774C645-6787-43F5-A146-34F932B28238}.Debug|Any CPU.ActiveCfg = Debug|Any CPU
		{7774C645-6787-43F5-A146-34F932B28238}.Debug|Any CPU.Build.0 = Debug|Any CPU
		{7774C645-6787-43F5-A146-34F932B28238}.Release|Any CPU.ActiveCfg = Release|Any CPU
		{7774C645-6787-43F5-A146-34F932B28238}.Release|Any CPU.Build.0 = Release|Any CPU
		{1C9CAE2A-5CF1-4BA7-AFBC-2F64F17799AB}.Debug|Any CPU.ActiveCfg = Debug|Any CPU
		{1C9CAE2A-5CF1-4BA7-AFBC-2F64F17799AB}.Debug|Any CPU.Build.0 = Debug|Any CPU
		{1C9CAE2A-5CF1-4BA7-AFBC-2F64F17799AB}.Release|Any CPU.ActiveCfg = Release|Any CPU
		{1C9CAE2A-5CF1-4BA7-AFBC-2F64F17799AB}.Release|Any CPU.Build.0 = Release|Any CPU
		{338D0299-F3AB-43EC-BCEE-8B327FFBF11B}.Debug|Any CPU.ActiveCfg = Debug|Any CPU
		{338D0299-F3AB-43EC-BCEE-8B327FFBF11B}.Debug|Any CPU.Build.0 = Debug|Any CPU
		{338D0299-F3AB-43EC-BCEE-8B327FFBF11B}.Release|Any CPU.ActiveCfg = Release|Any CPU
		{338D0299-F3AB-43EC-BCEE-8B327FFBF11B}.Release|Any CPU.Build.0 = Release|Any CPU
		{789D59F4-ACF8-4BE4-ABD1-063F0A4311DE}.Debug|Any CPU.ActiveCfg = Debug|Any CPU
		{789D59F4-ACF8-4BE4-ABD1-063F0A4311DE}.Debug|Any CPU.Build.0 = Debug|Any CPU
		{789D59F4-ACF8-4BE4-ABD1-063F0A4311DE}.Release|Any CPU.ActiveCfg = Release|Any CPU
		{789D59F4-ACF8-4BE4-ABD1-063F0A4311DE}.Release|Any CPU.Build.0 = Release|Any CPU
		{1B943757-EA1C-46C6-8055-3D31D3A7D7A7}.Debug|Any CPU.ActiveCfg = Debug|Any CPU
		{1B943757-EA1C-46C6-8055-3D31D3A7D7A7}.Debug|Any CPU.Build.0 = Debug|Any CPU
		{1B943757-EA1C-46C6-8055-3D31D3A7D7A7}.Release|Any CPU.ActiveCfg = Release|Any CPU
		{1B943757-EA1C-46C6-8055-3D31D3A7D7A7}.Release|Any CPU.Build.0 = Release|Any CPU
		{4C73C412-4B5C-4D89-9098-0DAB09492CDC}.Debug|Any CPU.ActiveCfg = Debug|Any CPU
		{4C73C412-4B5C-4D89-9098-0DAB09492CDC}.Debug|Any CPU.Build.0 = Debug|Any CPU
		{4C73C412-4B5C-4D89-9098-0DAB09492CDC}.Release|Any CPU.ActiveCfg = Release|Any CPU
		{4C73C412-4B5C-4D89-9098-0DAB09492CDC}.Release|Any CPU.Build.0 = Release|Any CPU
		{670F60C5-8742-49C7-AFF2-7936BF9DAE9C}.Debug|Any CPU.ActiveCfg = Debug|Any CPU
		{670F60C5-8742-49C7-AFF2-7936BF9DAE9C}.Debug|Any CPU.Build.0 = Debug|Any CPU
		{670F60C5-8742-49C7-AFF2-7936BF9DAE9C}.Release|Any CPU.ActiveCfg = Release|Any CPU
		{670F60C5-8742-49C7-AFF2-7936BF9DAE9C}.Release|Any CPU.Build.0 = Release|Any CPU
		{82AF3703-915B-432C-9175-0F7E75CEEA7E}.Debug|Any CPU.ActiveCfg = Debug|Any CPU
		{82AF3703-915B-432C-9175-0F7E75CEEA7E}.Debug|Any CPU.Build.0 = Debug|Any CPU
		{82AF3703-915B-432C-9175-0F7E75CEEA7E}.Release|Any CPU.ActiveCfg = Release|Any CPU
		{82AF3703-915B-432C-9175-0F7E75CEEA7E}.Release|Any CPU.Build.0 = Release|Any CPU
	EndGlobalSection
	GlobalSection(NestedProjects) = preSolution
		{7C5B0ADF-1A1E-47C5-9AD9-566245B1145B} = {D4613954-901D-4559-B306-FA4500FF50E7}
		{FC9BF7BB-AF54-4AC3-BCDD-8CE544CE33A4} = {D2BFD722-F3A9-4976-993C-43B7153AA3B8}
		{3F4A9489-50D8-406B-9F78-E6CBDED16604} = {D4613954-901D-4559-B306-FA4500FF50E7}
		{7774C645-6787-43F5-A146-34F932B28238} = {3F4A9489-50D8-406B-9F78-E6CBDED16604}
		{1C9CAE2A-5CF1-4BA7-AFBC-2F64F17799AB} = {3F4A9489-50D8-406B-9F78-E6CBDED16604}
		{338D0299-F3AB-43EC-BCEE-8B327FFBF11B} = {3F4A9489-50D8-406B-9F78-E6CBDED16604}
		{789D59F4-ACF8-4BE4-ABD1-063F0A4311DE} = {3F4A9489-50D8-406B-9F78-E6CBDED16604}
		{1B943757-EA1C-46C6-8055-3D31D3A7D7A7} = {3F4A9489-50D8-406B-9F78-E6CBDED16604}
		{4C73C412-4B5C-4D89-9098-0DAB09492CDC} = {3F4A9489-50D8-406B-9F78-E6CBDED16604}
		{670F60C5-8742-49C7-AFF2-7936BF9DAE9C} = {1F70EA44-5DCB-42EA-9887-5B5DD2D98E5E}
		{82AF3703-915B-432C-9175-0F7E75CEEA7E} = {3F4A9489-50D8-406B-9F78-E6CBDED16604}
	EndGlobalSection
EndGlobal
